
Microsoft Visual Studio Solution File, Format Version 12.00
Project("{FAE04EC0-301F-11D3-BF4B-00C04F79EFBC}") = "Web", "Web\Web.csproj", "{D1808912-B2DF-4217-B6BC-FD8EE3FC24F7}"
EndProject
Project("{FAE04EC0-301F-11D3-BF4B-00C04F79EFBC}") = "Domain", "Domain\Domain.csproj", "{193A4068-1A68-447A-B23B-502531C5FDA4}"
EndProject
Project("{FAE04EC0-301F-11D3-BF4B-00C04F79EFBC}") = "Application", "Application\Application.csproj", "{E38A1FE6-5C81-462E-930A-3C7399999805}"
EndProject
Project("{FAE04EC0-301F-11D3-BF4B-00C04F79EFBC}") = "Infrastructure", "Infrastructure\Infrastructure.csproj", "{E0270EAF-388A-4B5E-8AAD-9EB83796DA29}"
EndProject
Project("{2150E333-8FDC-42A3-9474-1A3956D46DE8}") = "src", "src", "{8801F2B4-24B1-48B1-9826-47EA7168C590}"
EndProject
Project("{2150E333-8FDC-42A3-9474-1A3956D46DE8}") = "tests", "tests", "{CE6B91F5-FE54-42A9-AB5E-F94E622D738C}"
EndProject
Project("{FAE04EC0-301F-11D3-BF4B-00C04F79EFBC}") = "Application.IntegrationTests", "Application.IntegrationTests\Application.IntegrationTests.csproj", "{FD1FE46A-EAAC-4CAE-B8E4-1453B2B42622}"
EndProject
Global
	GlobalSection(SolutionConfigurationPlatforms) = preSolution
		Debug|Any CPU = Debug|Any CPU
		Release|Any CPU = Release|Any CPU
	EndGlobalSection
	GlobalSection(ProjectConfigurationPlatforms) = postSolution
		{D1808912-B2DF-4217-B6BC-FD8EE3FC24F7}.Debug|Any CPU.ActiveCfg = Debug|Any CPU
		{D1808912-B2DF-4217-B6BC-FD8EE3FC24F7}.Debug|Any CPU.Build.0 = Debug|Any CPU
		{D1808912-B2DF-4217-B6BC-FD8EE3FC24F7}.Release|Any CPU.ActiveCfg = Release|Any CPU
		{D1808912-B2DF-4217-B6BC-FD8EE3FC24F7}.Release|Any CPU.Build.0 = Release|Any CPU
		{193A4068-1A68-447A-B23B-502531C5FDA4}.Debug|Any CPU.ActiveCfg = Debug|Any CPU
		{193A4068-1A68-447A-B23B-502531C5FDA4}.Debug|Any CPU.Build.0 = Debug|Any CPU
		{193A4068-1A68-447A-B23B-502531C5FDA4}.Release|Any CPU.ActiveCfg = Release|Any CPU
		{193A4068-1A68-447A-B23B-502531C5FDA4}.Release|Any CPU.Build.0 = Release|Any CPU
		{E38A1FE6-5C81-462E-930A-3C7399999805}.Debug|Any CPU.ActiveCfg = Debug|Any CPU
		{E38A1FE6-5C81-462E-930A-3C7399999805}.Debug|Any CPU.Build.0 = Debug|Any CPU
		{E38A1FE6-5C81-462E-930A-3C7399999805}.Release|Any CPU.ActiveCfg = Release|Any CPU
		{E38A1FE6-5C81-462E-930A-3C7399999805}.Release|Any CPU.Build.0 = Release|Any CPU
		{E0270EAF-388A-4B5E-8AAD-9EB83796DA29}.Debug|Any CPU.ActiveCfg = Debug|Any CPU
		{E0270EAF-388A-4B5E-8AAD-9EB83796DA29}.Debug|Any CPU.Build.0 = Debug|Any CPU
		{E0270EAF-388A-4B5E-8AAD-9EB83796DA29}.Release|Any CPU.ActiveCfg = Release|Any CPU
		{E0270EAF-388A-4B5E-8AAD-9EB83796DA29}.Release|Any CPU.Build.0 = Release|Any CPU
		{FD1FE46A-EAAC-4CAE-B8E4-1453B2B42622}.Debug|Any CPU.ActiveCfg = Debug|Any CPU
		{FD1FE46A-EAAC-4CAE-B8E4-1453B2B42622}.Debug|Any CPU.Build.0 = Debug|Any CPU
		{FD1FE46A-EAAC-4CAE-B8E4-1453B2B42622}.Release|Any CPU.ActiveCfg = Release|Any CPU
		{FD1FE46A-EAAC-4CAE-B8E4-1453B2B42622}.Release|Any CPU.Build.0 = Release|Any CPU
	EndGlobalSection
	GlobalSection(NestedProjects) = preSolution
		{E38A1FE6-5C81-462E-930A-3C7399999805} = {8801F2B4-24B1-48B1-9826-47EA7168C590}
		{193A4068-1A68-447A-B23B-502531C5FDA4} = {8801F2B4-24B1-48B1-9826-47EA7168C590}
		{E0270EAF-388A-4B5E-8AAD-9EB83796DA29} = {8801F2B4-24B1-48B1-9826-47EA7168C590}
		{D1808912-B2DF-4217-B6BC-FD8EE3FC24F7} = {8801F2B4-24B1-48B1-9826-47EA7168C590}
		{FD1FE46A-EAAC-4CAE-B8E4-1453B2B42622} = {CE6B91F5-FE54-42A9-AB5E-F94E622D738C}
	EndGlobalSection
EndGlobal
